
Microsoft Visual Studio Solution File, Format Version 12.00
# Visual Studio Version 17
VisualStudioVersion = 17.10.35013.160
MinimumVisualStudioVersion = 10.0.40219.1
Project("{8BC9CEB8-8B4A-11D0-8D11-00A0C91BC942}") = "Project2", "Project2.vcxproj", "{09237676-1E77-4B48-8F8E-0ACFBA0649EE}"
EndProject
Project("{8BC9CEB8-8B4A-11D0-8D11-00A0C91BC942}") = "Sample-Test2", "..\Sample-Test2\Sample-Test2.vcxproj", "{1418167D-B8F3-4D86-8FEE-C6315184DF11}"
EndProject
Project("{2150E333-8FDC-42A3-9474-1A3956D46DE8}") = "솔루션 항목", "솔루션 항목", "{F875EDC8-BAA0-4681-A073-9D015462619C}"
EndProject
Global
	GlobalSection(SolutionConfigurationPlatforms) = preSolution
		Debug|x64 = Debug|x64
		Debug|x86 = Debug|x86
		Release|x64 = Release|x64
		Release|x86 = Release|x86
	EndGlobalSection
	GlobalSection(ProjectConfigurationPlatforms) = postSolution
		{09237676-1E77-4B48-8F8E-0ACFBA0649EE}.Debug|x64.ActiveCfg = Debug|x64
		{09237676-1E77-4B48-8F8E-0ACFBA0649EE}.Debug|x64.Build.0 = Debug|x64
		{09237676-1E77-4B48-8F8E-0ACFBA0649EE}.Debug|x86.ActiveCfg = Debug|Win32
		{09237676-1E77-4B48-8F8E-0ACFBA0649EE}.Debug|x86.Build.0 = Debug|Win32
		{09237676-1E77-4B48-8F8E-0ACFBA0649EE}.Release|x64.ActiveCfg = Release|x64
		{09237676-1E77-4B48-8F8E-0ACFBA0649EE}.Release|x64.Build.0 = Release|x64
		{09237676-1E77-4B48-8F8E-0ACFBA0649EE}.Release|x86.ActiveCfg = Release|Win32
		{09237676-1E77-4B48-8F8E-0ACFBA0649EE}.Release|x86.Build.0 = Release|Win32
		{1418167D-B8F3-4D86-8FEE-C6315184DF11}.Debug|x64.ActiveCfg = Debug|x64
		{1418167D-B8F3-4D86-8FEE-C6315184DF11}.Debug|x64.Build.0 = Debug|x64
		{1418167D-B8F3-4D86-8FEE-C6315184DF11}.Debug|x86.ActiveCfg = Debug|Win32
		{1418167D-B8F3-4D86-8FEE-C6315184DF11}.Debug|x86.Build.0 = Debug|Win32
		{1418167D-B8F3-4D86-8FEE-C6315184DF11}.Release|x64.ActiveCfg = Release|x64
		{1418167D-B8F3-4D86-8FEE-C6315184DF11}.Release|x64.Build.0 = Release|x64
		{1418167D-B8F3-4D86-8FEE-C6315184DF11}.Release|x86.ActiveCfg = Release|Win32
		{1418167D-B8F3-4D86-8FEE-C6315184DF11}.Release|x86.Build.0 = Release|Win32
	EndGlobalSection
	GlobalSection(SolutionProperties) = preSolution
		HideSolutionNode = FALSE
	EndGlobalSection
	GlobalSection(ExtensibilityGlobals) = postSolution
		SolutionGuid = {143CBE2C-472D-41BC-87DA-2A1C078CCB04}
	EndGlobalSection
EndGlobal
